
Microsoft Visual Studio Solution File, Format Version 12.00
# Visual Studio Version 17
VisualStudioVersion = 17.3.32825.248
MinimumVisualStudioVersion = 10.0.40219.1
Project("{2150E333-8FDC-42A3-9474-1A3956D46DE8}") = "Services", "Services", "{7D241BCC-E7F6-45C0-BC2A-07F21BCFE644}"
EndProject
Project("{2150E333-8FDC-42A3-9474-1A3956D46DE8}") = "Catalog", "Catalog", "{AA89240A-1AA0-4AE0-8B30-1392DDE98D71}"
EndProject
Project("{9A19103F-16F7-4668-BE54-9A1E7A4F7556}") = "Catalog.API", "Services\Catalog\Catalog.API\Catalog.API.csproj", "{1599F16A-0132-4888-A722-2FC4AF651D93}"
EndProject
Project("{E53339B2-1760-4266-BCC7-CA923CBCF16C}") = "docker-compose", "docker-compose.dcproj", "{57FBB553-C7B5-47EE-8604-51A2845EA5B6}"
EndProject
Global
	GlobalSection(SolutionConfigurationPlatforms) = preSolution
		Debug|Any CPU = Debug|Any CPU
		Release|Any CPU = Release|Any CPU
	EndGlobalSection
	GlobalSection(ProjectConfigurationPlatforms) = postSolution
		{1599F16A-0132-4888-A722-2FC4AF651D93}.Debug|Any CPU.ActiveCfg = Debug|Any CPU
		{1599F16A-0132-4888-A722-2FC4AF651D93}.Debug|Any CPU.Build.0 = Debug|Any CPU
		{1599F16A-0132-4888-A722-2FC4AF651D93}.Release|Any CPU.ActiveCfg = Release|Any CPU
		{1599F16A-0132-4888-A722-2FC4AF651D93}.Release|Any CPU.Build.0 = Release|Any CPU
		{57FBB553-C7B5-47EE-8604-51A2845EA5B6}.Debug|Any CPU.ActiveCfg = Debug|Any CPU
		{57FBB553-C7B5-47EE-8604-51A2845EA5B6}.Debug|Any CPU.Build.0 = Debug|Any CPU
		{57FBB553-C7B5-47EE-8604-51A2845EA5B6}.Release|Any CPU.ActiveCfg = Release|Any CPU
		{57FBB553-C7B5-47EE-8604-51A2845EA5B6}.Release|Any CPU.Build.0 = Release|Any CPU
	EndGlobalSection
	GlobalSection(SolutionProperties) = preSolution
		HideSolutionNode = FALSE
	EndGlobalSection
	GlobalSection(NestedProjects) = preSolution
		{AA89240A-1AA0-4AE0-8B30-1392DDE98D71} = {7D241BCC-E7F6-45C0-BC2A-07F21BCFE644}
		{1599F16A-0132-4888-A722-2FC4AF651D93} = {AA89240A-1AA0-4AE0-8B30-1392DDE98D71}
	EndGlobalSection
	GlobalSection(ExtensibilityGlobals) = postSolution
		SolutionGuid = {2B23A2A8-CD5F-4A4A-B7AD-09258CD734BE}
	EndGlobalSection
EndGlobal
