
Microsoft Visual Studio Solution File, Format Version 12.00
# Visual Studio Version 17
VisualStudioVersion = 17.3.32825.248
MinimumVisualStudioVersion = 10.0.40219.1
Project("{2150E333-8FDC-42A3-9474-1A3956D46DE8}") = "Services", "Services", "{7D241BCC-E7F6-45C0-BC2A-07F21BCFE644}"
EndProject
Project("{2150E333-8FDC-42A3-9474-1A3956D46DE8}") = "Catalog", "Catalog", "{AA89240A-1AA0-4AE0-8B30-1392DDE98D71}"
EndProject
Project("{9A19103F-16F7-4668-BE54-9A1E7A4F7556}") = "Catalog.API", "Services\Catalog\Catalog.API\Catalog.API.csproj", "{1599F16A-0132-4888-A722-2FC4AF651D93}"
EndProject
Project("{E53339B2-1760-4266-BCC7-CA923CBCF16C}") = "docker-compose", "docker-compose.dcproj", "{57FBB553-C7B5-47EE-8604-51A2845EA5B6}"
EndProject
Project("{2150E333-8FDC-42A3-9474-1A3956D46DE8}") = "Basket", "Basket", "{F740FD86-3768-4958-AD7E-0C613CCBE678}"
EndProject
Project("{9A19103F-16F7-4668-BE54-9A1E7A4F7556}") = "Basket.API", "Services\Basket\Basket.API\Basket.API.csproj", "{5FE7E7C8-B2AA-4018-96E3-14467CA09615}"
EndProject
Project("{2150E333-8FDC-42A3-9474-1A3956D46DE8}") = "Discount", "Discount", "{478411DD-1B81-411D-B52F-EE16815F7C62}"
EndProject
Project("{9A19103F-16F7-4668-BE54-9A1E7A4F7556}") = "Discount.API", "Services\Discount\Discount.API\Discount.API.csproj", "{E0EA6354-9B89-4E91-A4E0-703CCC633DD3}"
EndProject
Project("{FAE04EC0-301F-11D3-BF4B-00C04F79EFBC}") = "Discount.Grpc", "Services\Discount\Discount.Grpc\Discount.Grpc.csproj", "{5A656E68-7517-4BD2-85B4-0F9DCB2A33EC}"
EndProject
Global
	GlobalSection(SolutionConfigurationPlatforms) = preSolution
		Debug|Any CPU = Debug|Any CPU
		Release|Any CPU = Release|Any CPU
	EndGlobalSection
	GlobalSection(ProjectConfigurationPlatforms) = postSolution
		{1599F16A-0132-4888-A722-2FC4AF651D93}.Debug|Any CPU.ActiveCfg = Debug|Any CPU
		{1599F16A-0132-4888-A722-2FC4AF651D93}.Debug|Any CPU.Build.0 = Debug|Any CPU
		{1599F16A-0132-4888-A722-2FC4AF651D93}.Release|Any CPU.ActiveCfg = Release|Any CPU
		{1599F16A-0132-4888-A722-2FC4AF651D93}.Release|Any CPU.Build.0 = Release|Any CPU
		{57FBB553-C7B5-47EE-8604-51A2845EA5B6}.Debug|Any CPU.ActiveCfg = Debug|Any CPU
		{57FBB553-C7B5-47EE-8604-51A2845EA5B6}.Debug|Any CPU.Build.0 = Debug|Any CPU
		{57FBB553-C7B5-47EE-8604-51A2845EA5B6}.Release|Any CPU.ActiveCfg = Release|Any CPU
		{57FBB553-C7B5-47EE-8604-51A2845EA5B6}.Release|Any CPU.Build.0 = Release|Any CPU
		{5FE7E7C8-B2AA-4018-96E3-14467CA09615}.Debug|Any CPU.ActiveCfg = Debug|Any CPU
		{5FE7E7C8-B2AA-4018-96E3-14467CA09615}.Debug|Any CPU.Build.0 = Debug|Any CPU
		{5FE7E7C8-B2AA-4018-96E3-14467CA09615}.Release|Any CPU.ActiveCfg = Release|Any CPU
		{5FE7E7C8-B2AA-4018-96E3-14467CA09615}.Release|Any CPU.Build.0 = Release|Any CPU
		{E0EA6354-9B89-4E91-A4E0-703CCC633DD3}.Debug|Any CPU.ActiveCfg = Debug|Any CPU
		{E0EA6354-9B89-4E91-A4E0-703CCC633DD3}.Debug|Any CPU.Build.0 = Debug|Any CPU
		{E0EA6354-9B89-4E91-A4E0-703CCC633DD3}.Release|Any CPU.ActiveCfg = Release|Any CPU
		{E0EA6354-9B89-4E91-A4E0-703CCC633DD3}.Release|Any CPU.Build.0 = Release|Any CPU
		{5A656E68-7517-4BD2-85B4-0F9DCB2A33EC}.Debug|Any CPU.ActiveCfg = Debug|Any CPU
		{5A656E68-7517-4BD2-85B4-0F9DCB2A33EC}.Debug|Any CPU.Build.0 = Debug|Any CPU
		{5A656E68-7517-4BD2-85B4-0F9DCB2A33EC}.Release|Any CPU.ActiveCfg = Release|Any CPU
		{5A656E68-7517-4BD2-85B4-0F9DCB2A33EC}.Release|Any CPU.Build.0 = Release|Any CPU
	EndGlobalSection
	GlobalSection(SolutionProperties) = preSolution
		HideSolutionNode = FALSE
	EndGlobalSection
	GlobalSection(NestedProjects) = preSolution
		{AA89240A-1AA0-4AE0-8B30-1392DDE98D71} = {7D241BCC-E7F6-45C0-BC2A-07F21BCFE644}
		{1599F16A-0132-4888-A722-2FC4AF651D93} = {AA89240A-1AA0-4AE0-8B30-1392DDE98D71}
		{F740FD86-3768-4958-AD7E-0C613CCBE678} = {7D241BCC-E7F6-45C0-BC2A-07F21BCFE644}
		{5FE7E7C8-B2AA-4018-96E3-14467CA09615} = {F740FD86-3768-4958-AD7E-0C613CCBE678}
		{478411DD-1B81-411D-B52F-EE16815F7C62} = {7D241BCC-E7F6-45C0-BC2A-07F21BCFE644}
		{E0EA6354-9B89-4E91-A4E0-703CCC633DD3} = {478411DD-1B81-411D-B52F-EE16815F7C62}
		{5A656E68-7517-4BD2-85B4-0F9DCB2A33EC} = {478411DD-1B81-411D-B52F-EE16815F7C62}
	EndGlobalSection
	GlobalSection(ExtensibilityGlobals) = postSolution
		SolutionGuid = {2B23A2A8-CD5F-4A4A-B7AD-09258CD734BE}
	EndGlobalSection
EndGlobal
